
Microsoft Visual Studio Solution File, Format Version 12.00
# Visual Studio Version 16
VisualStudioVersion = 16.0.31205.134
MinimumVisualStudioVersion = 10.0.40219.1
Project("{9A19103F-16F7-4668-BE54-9A1E7A4F7556}") = "RazorPage", "RazorPage.csproj", "{14B0177B-C064-4458-A103-9CE7AF4476AE}"
EndProject
Project("{FAE04EC0-301F-11D3-BF4B-00C04F79EFBC}") = "LeeCode", "..\LeeCode\LeeCode.csproj", "{309EF317-0BF7-45DD-91F0-7FE319546483}"
EndProject
Project("{9A19103F-16F7-4668-BE54-9A1E7A4F7556}") = "Practice", "..\Practice\Practice.csproj", "{385548FE-7CA1-4C17-92EB-EAB233EDA783}"
EndProject
Global
	GlobalSection(SolutionConfigurationPlatforms) = preSolution
		Debug|Any CPU = Debug|Any CPU
		Release|Any CPU = Release|Any CPU
	EndGlobalSection
	GlobalSection(ProjectConfigurationPlatforms) = postSolution
		{14B0177B-C064-4458-A103-9CE7AF4476AE}.Debug|Any CPU.ActiveCfg = Debug|Any CPU
		{14B0177B-C064-4458-A103-9CE7AF4476AE}.Debug|Any CPU.Build.0 = Debug|Any CPU
		{14B0177B-C064-4458-A103-9CE7AF4476AE}.Release|Any CPU.ActiveCfg = Release|Any CPU
		{14B0177B-C064-4458-A103-9CE7AF4476AE}.Release|Any CPU.Build.0 = Release|Any CPU
		{309EF317-0BF7-45DD-91F0-7FE319546483}.Debug|Any CPU.ActiveCfg = Debug|Any CPU
		{309EF317-0BF7-45DD-91F0-7FE319546483}.Debug|Any CPU.Build.0 = Debug|Any CPU
		{309EF317-0BF7-45DD-91F0-7FE319546483}.Release|Any CPU.ActiveCfg = Release|Any CPU
		{309EF317-0BF7-45DD-91F0-7FE319546483}.Release|Any CPU.Build.0 = Release|Any CPU
		{385548FE-7CA1-4C17-92EB-EAB233EDA783}.Debug|Any CPU.ActiveCfg = Debug|Any CPU
		{385548FE-7CA1-4C17-92EB-EAB233EDA783}.Debug|Any CPU.Build.0 = Debug|Any CPU
		{385548FE-7CA1-4C17-92EB-EAB233EDA783}.Release|Any CPU.ActiveCfg = Release|Any CPU
		{385548FE-7CA1-4C17-92EB-EAB233EDA783}.Release|Any CPU.Build.0 = Release|Any CPU
	EndGlobalSection
	GlobalSection(SolutionProperties) = preSolution
		HideSolutionNode = FALSE
	EndGlobalSection
	GlobalSection(ExtensibilityGlobals) = postSolution
		SolutionGuid = {6246CF20-0BF7-4A44-99F7-94A03A7FD8A1}
	EndGlobalSection
EndGlobal
